// !$*UTF8*$!
{
	archiveVersion = 1;
	classes = {
	};
	objectVersion = 56;
	objects = {

/* Begin PBXBuildFile section */
		52337F4B2A73C6B200F4DBD5 /* mhpChallengeApp.swift in Sources */ = {isa = PBXBuildFile; fileRef = 52337F4A2A73C6B200F4DBD5 /* mhpChallengeApp.swift */; };
		52337F4F2A73C6B400F4DBD5 /* Assets.xcassets in Resources */ = {isa = PBXBuildFile; fileRef = 52337F4E2A73C6B400F4DBD5 /* Assets.xcassets */; };
		52337F522A73C6B400F4DBD5 /* Preview Assets.xcassets in Resources */ = {isa = PBXBuildFile; fileRef = 52337F512A73C6B400F4DBD5 /* Preview Assets.xcassets */; };
		52337F5C2A73C6B500F4DBD5 /* mhpChallengeTests.swift in Sources */ = {isa = PBXBuildFile; fileRef = 52337F5B2A73C6B500F4DBD5 /* mhpChallengeTests.swift */; };
		52337F662A73C6B500F4DBD5 /* mhpChallengeUITests.swift in Sources */ = {isa = PBXBuildFile; fileRef = 52337F652A73C6B500F4DBD5 /* mhpChallengeUITests.swift */; };
		52337F682A73C6B500F4DBD5 /* mhpChallengeUITestsLaunchTests.swift in Sources */ = {isa = PBXBuildFile; fileRef = 52337F672A73C6B500F4DBD5 /* mhpChallengeUITestsLaunchTests.swift */; };
		52337F772A73C72400F4DBD5 /* Configuration.swift in Sources */ = {isa = PBXBuildFile; fileRef = 52337F762A73C72400F4DBD5 /* Configuration.swift */; };
		52337F7B2A73C8BA00F4DBD5 /* ApiRepository.swift in Sources */ = {isa = PBXBuildFile; fileRef = 52337F7A2A73C8BA00F4DBD5 /* ApiRepository.swift */; };
		52337F7D2A73C8E100F4DBD5 /* Endpoint.swift in Sources */ = {isa = PBXBuildFile; fileRef = 52337F7C2A73C8E100F4DBD5 /* Endpoint.swift */; };
		52337F7F2A73C8F300F4DBD5 /* ApiEndpoints.swift in Sources */ = {isa = PBXBuildFile; fileRef = 52337F7E2A73C8F300F4DBD5 /* ApiEndpoints.swift */; };
		52337F822A73CD0A00F4DBD5 /* GOTService.swift in Sources */ = {isa = PBXBuildFile; fileRef = 52337F812A73CD0A00F4DBD5 /* GOTService.swift */; };
		52337F852A73CD7F00F4DBD5 /* HouseModel.swift in Sources */ = {isa = PBXBuildFile; fileRef = 52337F842A73CD7F00F4DBD5 /* HouseModel.swift */; };
		52337F872A73CDA600F4DBD5 /* CharacterModel.swift in Sources */ = {isa = PBXBuildFile; fileRef = 52337F862A73CDA600F4DBD5 /* CharacterModel.swift */; };
		52337F8B2A73CE5A00F4DBD5 /* HousesListViewModel.swift in Sources */ = {isa = PBXBuildFile; fileRef = 52337F8A2A73CE5A00F4DBD5 /* HousesListViewModel.swift */; };
		52337F8D2A73CE6600F4DBD5 /* HousesListView.swift in Sources */ = {isa = PBXBuildFile; fileRef = 52337F8C2A73CE6600F4DBD5 /* HousesListView.swift */; };
		52337F8F2A73CE9D00F4DBD5 /* AppConstant.swift in Sources */ = {isa = PBXBuildFile; fileRef = 52337F8E2A73CE9D00F4DBD5 /* AppConstant.swift */; };
		52337F912A73D01900F4DBD5 /* HousesListItem.swift in Sources */ = {isa = PBXBuildFile; fileRef = 52337F902A73D01900F4DBD5 /* HousesListItem.swift */; };
/* End PBXBuildFile section */

/* Begin PBXContainerItemProxy section */
		52337F582A73C6B500F4DBD5 /* PBXContainerItemProxy */ = {
			isa = PBXContainerItemProxy;
			containerPortal = 52337F3F2A73C6B200F4DBD5 /* Project object */;
			proxyType = 1;
			remoteGlobalIDString = 52337F462A73C6B200F4DBD5;
			remoteInfo = mhpChallenge;
		};
		52337F622A73C6B500F4DBD5 /* PBXContainerItemProxy */ = {
			isa = PBXContainerItemProxy;
			containerPortal = 52337F3F2A73C6B200F4DBD5 /* Project object */;
			proxyType = 1;
			remoteGlobalIDString = 52337F462A73C6B200F4DBD5;
			remoteInfo = mhpChallenge;
		};
/* End PBXContainerItemProxy section */

/* Begin PBXFileReference section */
		52337F472A73C6B200F4DBD5 /* mhpChallenge.app */ = {isa = PBXFileReference; explicitFileType = wrapper.application; includeInIndex = 0; path = mhpChallenge.app; sourceTree = BUILT_PRODUCTS_DIR; };
		52337F4A2A73C6B200F4DBD5 /* mhpChallengeApp.swift */ = {isa = PBXFileReference; lastKnownFileType = sourcecode.swift; path = mhpChallengeApp.swift; sourceTree = "<group>"; };
		52337F4E2A73C6B400F4DBD5 /* Assets.xcassets */ = {isa = PBXFileReference; lastKnownFileType = folder.assetcatalog; path = Assets.xcassets; sourceTree = "<group>"; };
		52337F512A73C6B400F4DBD5 /* Preview Assets.xcassets */ = {isa = PBXFileReference; lastKnownFileType = folder.assetcatalog; path = "Preview Assets.xcassets"; sourceTree = "<group>"; };
		52337F572A73C6B500F4DBD5 /* mhpChallengeTests.xctest */ = {isa = PBXFileReference; explicitFileType = wrapper.cfbundle; includeInIndex = 0; path = mhpChallengeTests.xctest; sourceTree = BUILT_PRODUCTS_DIR; };
		52337F5B2A73C6B500F4DBD5 /* mhpChallengeTests.swift */ = {isa = PBXFileReference; lastKnownFileType = sourcecode.swift; path = mhpChallengeTests.swift; sourceTree = "<group>"; };
		52337F612A73C6B500F4DBD5 /* mhpChallengeUITests.xctest */ = {isa = PBXFileReference; explicitFileType = wrapper.cfbundle; includeInIndex = 0; path = mhpChallengeUITests.xctest; sourceTree = BUILT_PRODUCTS_DIR; };
		52337F652A73C6B500F4DBD5 /* mhpChallengeUITests.swift */ = {isa = PBXFileReference; lastKnownFileType = sourcecode.swift; path = mhpChallengeUITests.swift; sourceTree = "<group>"; };
		52337F672A73C6B500F4DBD5 /* mhpChallengeUITestsLaunchTests.swift */ = {isa = PBXFileReference; lastKnownFileType = sourcecode.swift; path = mhpChallengeUITestsLaunchTests.swift; sourceTree = "<group>"; };
		52337F742A73C70400F4DBD5 /* UAT.xcconfig */ = {isa = PBXFileReference; lastKnownFileType = text.xcconfig; path = UAT.xcconfig; sourceTree = "<group>"; };
		52337F752A73C71600F4DBD5 /* RELEASE.xcconfig */ = {isa = PBXFileReference; lastKnownFileType = text.xcconfig; path = RELEASE.xcconfig; sourceTree = "<group>"; };
		52337F762A73C72400F4DBD5 /* Configuration.swift */ = {isa = PBXFileReference; lastKnownFileType = sourcecode.swift; path = Configuration.swift; sourceTree = "<group>"; };
		52337F792A73C82300F4DBD5 /* Info.plist */ = {isa = PBXFileReference; lastKnownFileType = text.plist; path = Info.plist; sourceTree = "<group>"; };
		52337F7A2A73C8BA00F4DBD5 /* ApiRepository.swift */ = {isa = PBXFileReference; lastKnownFileType = sourcecode.swift; path = ApiRepository.swift; sourceTree = "<group>"; };
		52337F7C2A73C8E100F4DBD5 /* Endpoint.swift */ = {isa = PBXFileReference; lastKnownFileType = sourcecode.swift; path = Endpoint.swift; sourceTree = "<group>"; };
		52337F7E2A73C8F300F4DBD5 /* ApiEndpoints.swift */ = {isa = PBXFileReference; lastKnownFileType = sourcecode.swift; path = ApiEndpoints.swift; sourceTree = "<group>"; };
		52337F812A73CD0A00F4DBD5 /* GOTService.swift */ = {isa = PBXFileReference; lastKnownFileType = sourcecode.swift; path = GOTService.swift; sourceTree = "<group>"; };
		52337F842A73CD7F00F4DBD5 /* HouseModel.swift */ = {isa = PBXFileReference; lastKnownFileType = sourcecode.swift; path = HouseModel.swift; sourceTree = "<group>"; };
		52337F862A73CDA600F4DBD5 /* CharacterModel.swift */ = {isa = PBXFileReference; lastKnownFileType = sourcecode.swift; path = CharacterModel.swift; sourceTree = "<group>"; };
		52337F8A2A73CE5A00F4DBD5 /* HousesListViewModel.swift */ = {isa = PBXFileReference; lastKnownFileType = sourcecode.swift; path = HousesListViewModel.swift; sourceTree = "<group>"; };
		52337F8C2A73CE6600F4DBD5 /* HousesListView.swift */ = {isa = PBXFileReference; lastKnownFileType = sourcecode.swift; path = HousesListView.swift; sourceTree = "<group>"; };
		52337F8E2A73CE9D00F4DBD5 /* AppConstant.swift */ = {isa = PBXFileReference; lastKnownFileType = sourcecode.swift; path = AppConstant.swift; sourceTree = "<group>"; };
		52337F902A73D01900F4DBD5 /* HousesListItem.swift */ = {isa = PBXFileReference; lastKnownFileType = sourcecode.swift; path = HousesListItem.swift; sourceTree = "<group>"; };
/* End PBXFileReference section */

/* Begin PBXFrameworksBuildPhase section */
		52337F442A73C6B200F4DBD5 /* Frameworks */ = {
			isa = PBXFrameworksBuildPhase;
			buildActionMask = 2147483647;
			files = (
			);
			runOnlyForDeploymentPostprocessing = 0;
		};
		52337F542A73C6B500F4DBD5 /* Frameworks */ = {
			isa = PBXFrameworksBuildPhase;
			buildActionMask = 2147483647;
			files = (
			);
			runOnlyForDeploymentPostprocessing = 0;
		};
		52337F5E2A73C6B500F4DBD5 /* Frameworks */ = {
			isa = PBXFrameworksBuildPhase;
			buildActionMask = 2147483647;
			files = (
			);
			runOnlyForDeploymentPostprocessing = 0;
		};
/* End PBXFrameworksBuildPhase section */

/* Begin PBXGroup section */
		52337F3E2A73C6B200F4DBD5 = {
			isa = PBXGroup;
			children = (
				52337F492A73C6B200F4DBD5 /* mhpChallenge */,
				52337F5A2A73C6B500F4DBD5 /* mhpChallengeTests */,
				52337F642A73C6B500F4DBD5 /* mhpChallengeUITests */,
				52337F482A73C6B200F4DBD5 /* Products */,
			);
			sourceTree = "<group>";
		};
		52337F482A73C6B200F4DBD5 /* Products */ = {
			isa = PBXGroup;
			children = (
				52337F472A73C6B200F4DBD5 /* mhpChallenge.app */,
				52337F572A73C6B500F4DBD5 /* mhpChallengeTests.xctest */,
				52337F612A73C6B500F4DBD5 /* mhpChallengeUITests.xctest */,
			);
			name = Products;
			sourceTree = "<group>";
		};
		52337F492A73C6B200F4DBD5 /* mhpChallenge */ = {
			isa = PBXGroup;
			children = (
				52337F792A73C82300F4DBD5 /* Info.plist */,
				52337F8E2A73CE9D00F4DBD5 /* AppConstant.swift */,
				52337F892A73CE0F00F4DBD5 /* Resources */,
				52337F782A73C7E700F4DBD5 /* Config */,
				52337F802A73C9BB00F4DBD5 /* Repository */,
				52337F832A73CD3A00F4DBD5 /* Services */,
				52337F882A73CDC600F4DBD5 /* Model */,
				52337F932A73DC3E00F4DBD5 /* UI */,
				52337F502A73C6B400F4DBD5 /* Preview Content */,
			);
			path = mhpChallenge;
			sourceTree = "<group>";
		};
		52337F502A73C6B400F4DBD5 /* Preview Content */ = {
			isa = PBXGroup;
			children = (
				52337F512A73C6B400F4DBD5 /* Preview Assets.xcassets */,
			);
			path = "Preview Content";
			sourceTree = "<group>";
		};
		52337F5A2A73C6B500F4DBD5 /* mhpChallengeTests */ = {
			isa = PBXGroup;
			children = (
				52337F5B2A73C6B500F4DBD5 /* mhpChallengeTests.swift */,
			);
			path = mhpChallengeTests;
			sourceTree = "<group>";
		};
		52337F642A73C6B500F4DBD5 /* mhpChallengeUITests */ = {
			isa = PBXGroup;
			children = (
				52337F652A73C6B500F4DBD5 /* mhpChallengeUITests.swift */,
				52337F672A73C6B500F4DBD5 /* mhpChallengeUITestsLaunchTests.swift */,
			);
			path = mhpChallengeUITests;
			sourceTree = "<group>";
		};
		52337F782A73C7E700F4DBD5 /* Config */ = {
			isa = PBXGroup;
			children = (
				52337F742A73C70400F4DBD5 /* UAT.xcconfig */,
				52337F752A73C71600F4DBD5 /* RELEASE.xcconfig */,
				52337F762A73C72400F4DBD5 /* Configuration.swift */,
			);
			path = Config;
			sourceTree = "<group>";
		};
		52337F802A73C9BB00F4DBD5 /* Repository */ = {
			isa = PBXGroup;
			children = (
				52337F7A2A73C8BA00F4DBD5 /* ApiRepository.swift */,
				52337F7C2A73C8E100F4DBD5 /* Endpoint.swift */,
				52337F7E2A73C8F300F4DBD5 /* ApiEndpoints.swift */,
			);
			path = Repository;
			sourceTree = "<group>";
		};
		52337F832A73CD3A00F4DBD5 /* Services */ = {
			isa = PBXGroup;
			children = (
				52337F812A73CD0A00F4DBD5 /* GOTService.swift */,
			);
			path = Services;
			sourceTree = "<group>";
		};
		52337F882A73CDC600F4DBD5 /* Model */ = {
			isa = PBXGroup;
			children = (
				52337F842A73CD7F00F4DBD5 /* HouseModel.swift */,
				52337F862A73CDA600F4DBD5 /* CharacterModel.swift */,
			);
			path = Model;
			sourceTree = "<group>";
		};
		52337F892A73CE0F00F4DBD5 /* Resources */ = {
			isa = PBXGroup;
			children = (
				52337F4E2A73C6B400F4DBD5 /* Assets.xcassets */,
			);
			path = Resources;
			sourceTree = "<group>";
		};
		52337F922A73DC1600F4DBD5 /* HousesList */ = {
			isa = PBXGroup;
			children = (
				52337F902A73D01900F4DBD5 /* HousesListItem.swift */,
				52337F8C2A73CE6600F4DBD5 /* HousesListView.swift */,
				52337F8A2A73CE5A00F4DBD5 /* HousesListViewModel.swift */,
			);
			path = HousesList;
			sourceTree = "<group>";
		};
		52337F932A73DC3E00F4DBD5 /* UI */ = {
			isa = PBXGroup;
			children = (
				52337F4A2A73C6B200F4DBD5 /* mhpChallengeApp.swift */,
				52337F942A73DC4A00F4DBD5 /* Screens */,
			);
			path = UI;
			sourceTree = "<group>";
		};
		52337F942A73DC4A00F4DBD5 /* Screens */ = {
			isa = PBXGroup;
			children = (
				52337F922A73DC1600F4DBD5 /* HousesList */,
			);
			path = Screens;
			sourceTree = "<group>";
		};
/* End PBXGroup section */

/* Begin PBXNativeTarget section */
		52337F462A73C6B200F4DBD5 /* mhpChallenge */ = {
			isa = PBXNativeTarget;
			buildConfigurationList = 52337F6B2A73C6B500F4DBD5 /* Build configuration list for PBXNativeTarget "mhpChallenge" */;
			buildPhases = (
				52337F432A73C6B200F4DBD5 /* Sources */,
				52337F442A73C6B200F4DBD5 /* Frameworks */,
				52337F452A73C6B200F4DBD5 /* Resources */,
			);
			buildRules = (
			);
			dependencies = (
			);
			name = mhpChallenge;
			productName = mhpChallenge;
			productReference = 52337F472A73C6B200F4DBD5 /* mhpChallenge.app */;
			productType = "com.apple.product-type.application";
		};
		52337F562A73C6B500F4DBD5 /* mhpChallengeTests */ = {
			isa = PBXNativeTarget;
			buildConfigurationList = 52337F6E2A73C6B500F4DBD5 /* Build configuration list for PBXNativeTarget "mhpChallengeTests" */;
			buildPhases = (
				52337F532A73C6B500F4DBD5 /* Sources */,
				52337F542A73C6B500F4DBD5 /* Frameworks */,
				52337F552A73C6B500F4DBD5 /* Resources */,
			);
			buildRules = (
			);
			dependencies = (
				52337F592A73C6B500F4DBD5 /* PBXTargetDependency */,
			);
			name = mhpChallengeTests;
			productName = mhpChallengeTests;
			productReference = 52337F572A73C6B500F4DBD5 /* mhpChallengeTests.xctest */;
			productType = "com.apple.product-type.bundle.unit-test";
		};
		52337F602A73C6B500F4DBD5 /* mhpChallengeUITests */ = {
			isa = PBXNativeTarget;
			buildConfigurationList = 52337F712A73C6B500F4DBD5 /* Build configuration list for PBXNativeTarget "mhpChallengeUITests" */;
			buildPhases = (
				52337F5D2A73C6B500F4DBD5 /* Sources */,
				52337F5E2A73C6B500F4DBD5 /* Frameworks */,
				52337F5F2A73C6B500F4DBD5 /* Resources */,
			);
			buildRules = (
			);
			dependencies = (
				52337F632A73C6B500F4DBD5 /* PBXTargetDependency */,
			);
			name = mhpChallengeUITests;
			productName = mhpChallengeUITests;
			productReference = 52337F612A73C6B500F4DBD5 /* mhpChallengeUITests.xctest */;
			productType = "com.apple.product-type.bundle.ui-testing";
		};
/* End PBXNativeTarget section */

/* Begin PBXProject section */
		52337F3F2A73C6B200F4DBD5 /* Project object */ = {
			isa = PBXProject;
			attributes = {
				BuildIndependentTargetsInParallel = 1;
				LastSwiftUpdateCheck = 1430;
				LastUpgradeCheck = 1430;
				TargetAttributes = {
					52337F462A73C6B200F4DBD5 = {
						CreatedOnToolsVersion = 14.3;
					};
					52337F562A73C6B500F4DBD5 = {
						CreatedOnToolsVersion = 14.3;
						TestTargetID = 52337F462A73C6B200F4DBD5;
					};
					52337F602A73C6B500F4DBD5 = {
						CreatedOnToolsVersion = 14.3;
						TestTargetID = 52337F462A73C6B200F4DBD5;
					};
				};
			};
			buildConfigurationList = 52337F422A73C6B200F4DBD5 /* Build configuration list for PBXProject "mhpChallenge" */;
			compatibilityVersion = "Xcode 14.0";
			developmentRegion = en;
			hasScannedForEncodings = 0;
			knownRegions = (
				en,
				Base,
			);
			mainGroup = 52337F3E2A73C6B200F4DBD5;
			productRefGroup = 52337F482A73C6B200F4DBD5 /* Products */;
			projectDirPath = "";
			projectRoot = "";
			targets = (
				52337F462A73C6B200F4DBD5 /* mhpChallenge */,
				52337F562A73C6B500F4DBD5 /* mhpChallengeTests */,
				52337F602A73C6B500F4DBD5 /* mhpChallengeUITests */,
			);
		};
/* End PBXProject section */

/* Begin PBXResourcesBuildPhase section */
		52337F452A73C6B200F4DBD5 /* Resources */ = {
			isa = PBXResourcesBuildPhase;
			buildActionMask = 2147483647;
			files = (
				52337F522A73C6B400F4DBD5 /* Preview Assets.xcassets in Resources */,
				52337F4F2A73C6B400F4DBD5 /* Assets.xcassets in Resources */,
			);
			runOnlyForDeploymentPostprocessing = 0;
		};
		52337F552A73C6B500F4DBD5 /* Resources */ = {
			isa = PBXResourcesBuildPhase;
			buildActionMask = 2147483647;
			files = (
			);
			runOnlyForDeploymentPostprocessing = 0;
		};
		52337F5F2A73C6B500F4DBD5 /* Resources */ = {
			isa = PBXResourcesBuildPhase;
			buildActionMask = 2147483647;
			files = (
			);
			runOnlyForDeploymentPostprocessing = 0;
		};
/* End PBXResourcesBuildPhase section */

/* Begin PBXSourcesBuildPhase section */
		52337F432A73C6B200F4DBD5 /* Sources */ = {
			isa = PBXSourcesBuildPhase;
			buildActionMask = 2147483647;
			files = (
				52337F852A73CD7F00F4DBD5 /* HouseModel.swift in Sources */,
				52337F7B2A73C8BA00F4DBD5 /* ApiRepository.swift in Sources */,
				52337F7F2A73C8F300F4DBD5 /* ApiEndpoints.swift in Sources */,
				52337F8F2A73CE9D00F4DBD5 /* AppConstant.swift in Sources */,
				52337F912A73D01900F4DBD5 /* HousesListItem.swift in Sources */,
				52337F822A73CD0A00F4DBD5 /* GOTService.swift in Sources */,
				52337F772A73C72400F4DBD5 /* Configuration.swift in Sources */,
				52337F872A73CDA600F4DBD5 /* CharacterModel.swift in Sources */,
				52337F4B2A73C6B200F4DBD5 /* mhpChallengeApp.swift in Sources */,
				52337F8D2A73CE6600F4DBD5 /* HousesListView.swift in Sources */,
				52337F7D2A73C8E100F4DBD5 /* Endpoint.swift in Sources */,
				52337F8B2A73CE5A00F4DBD5 /* HousesListViewModel.swift in Sources */,
			);
			runOnlyForDeploymentPostprocessing = 0;
		};
		52337F532A73C6B500F4DBD5 /* Sources */ = {
			isa = PBXSourcesBuildPhase;
			buildActionMask = 2147483647;
			files = (
				52337F5C2A73C6B500F4DBD5 /* mhpChallengeTests.swift in Sources */,
			);
			runOnlyForDeploymentPostprocessing = 0;
		};
		52337F5D2A73C6B500F4DBD5 /* Sources */ = {
			isa = PBXSourcesBuildPhase;
			buildActionMask = 2147483647;
			files = (
				52337F682A73C6B500F4DBD5 /* mhpChallengeUITestsLaunchTests.swift in Sources */,
				52337F662A73C6B500F4DBD5 /* mhpChallengeUITests.swift in Sources */,
			);
			runOnlyForDeploymentPostprocessing = 0;
		};
/* End PBXSourcesBuildPhase section */

/* Begin PBXTargetDependency section */
		52337F592A73C6B500F4DBD5 /* PBXTargetDependency */ = {
			isa = PBXTargetDependency;
			target = 52337F462A73C6B200F4DBD5 /* mhpChallenge */;
			targetProxy = 52337F582A73C6B500F4DBD5 /* PBXContainerItemProxy */;
		};
		52337F632A73C6B500F4DBD5 /* PBXTargetDependency */ = {
			isa = PBXTargetDependency;
			target = 52337F462A73C6B200F4DBD5 /* mhpChallenge */;
			targetProxy = 52337F622A73C6B500F4DBD5 /* PBXContainerItemProxy */;
		};
/* End PBXTargetDependency section */

/* Begin XCBuildConfiguration section */
		52337F692A73C6B500F4DBD5 /* Debug */ = {
			isa = XCBuildConfiguration;
			buildSettings = {
				ALWAYS_SEARCH_USER_PATHS = NO;
				CLANG_ANALYZER_NONNULL = YES;
				CLANG_ANALYZER_NUMBER_OBJECT_CONVERSION = YES_AGGRESSIVE;
				CLANG_CXX_LANGUAGE_STANDARD = "gnu++20";
				CLANG_ENABLE_MODULES = YES;
				CLANG_ENABLE_OBJC_ARC = YES;
				CLANG_ENABLE_OBJC_WEAK = YES;
				CLANG_WARN_BLOCK_CAPTURE_AUTORELEASING = YES;
				CLANG_WARN_BOOL_CONVERSION = YES;
				CLANG_WARN_COMMA = YES;
				CLANG_WARN_CONSTANT_CONVERSION = YES;
				CLANG_WARN_DEPRECATED_OBJC_IMPLEMENTATIONS = YES;
				CLANG_WARN_DIRECT_OBJC_ISA_USAGE = YES_ERROR;
				CLANG_WARN_DOCUMENTATION_COMMENTS = YES;
				CLANG_WARN_EMPTY_BODY = YES;
				CLANG_WARN_ENUM_CONVERSION = YES;
				CLANG_WARN_INFINITE_RECURSION = YES;
				CLANG_WARN_INT_CONVERSION = YES;
				CLANG_WARN_NON_LITERAL_NULL_CONVERSION = YES;
				CLANG_WARN_OBJC_IMPLICIT_RETAIN_SELF = YES;
				CLANG_WARN_OBJC_LITERAL_CONVERSION = YES;
				CLANG_WARN_OBJC_ROOT_CLASS = YES_ERROR;
				CLANG_WARN_QUOTED_INCLUDE_IN_FRAMEWORK_HEADER = YES;
				CLANG_WARN_RANGE_LOOP_ANALYSIS = YES;
				CLANG_WARN_STRICT_PROTOTYPES = YES;
				CLANG_WARN_SUSPICIOUS_MOVE = YES;
				CLANG_WARN_UNGUARDED_AVAILABILITY = YES_AGGRESSIVE;
				CLANG_WARN_UNREACHABLE_CODE = YES;
				CLANG_WARN__DUPLICATE_METHOD_MATCH = YES;
				COPY_PHASE_STRIP = NO;
				DEBUG_INFORMATION_FORMAT = dwarf;
				ENABLE_STRICT_OBJC_MSGSEND = YES;
				ENABLE_TESTABILITY = YES;
				GCC_C_LANGUAGE_STANDARD = gnu11;
				GCC_DYNAMIC_NO_PIC = NO;
				GCC_NO_COMMON_BLOCKS = YES;
				GCC_OPTIMIZATION_LEVEL = 0;
				GCC_PREPROCESSOR_DEFINITIONS = (
					"DEBUG=1",
					"$(inherited)",
				);
				GCC_WARN_64_TO_32_BIT_CONVERSION = YES;
				GCC_WARN_ABOUT_RETURN_TYPE = YES_ERROR;
				GCC_WARN_UNDECLARED_SELECTOR = YES;
				GCC_WARN_UNINITIALIZED_AUTOS = YES_AGGRESSIVE;
				GCC_WARN_UNUSED_FUNCTION = YES;
				GCC_WARN_UNUSED_VARIABLE = YES;
				IPHONEOS_DEPLOYMENT_TARGET = 14.0;
				MTL_ENABLE_DEBUG_INFO = INCLUDE_SOURCE;
				MTL_FAST_MATH = YES;
				ONLY_ACTIVE_ARCH = YES;
				SDKROOT = iphoneos;
				SWIFT_ACTIVE_COMPILATION_CONDITIONS = DEBUG;
				SWIFT_OPTIMIZATION_LEVEL = "-Onone";
			};
			name = Debug;
		};
		52337F6A2A73C6B500F4DBD5 /* Release */ = {
			isa = XCBuildConfiguration;
			buildSettings = {
				ALWAYS_SEARCH_USER_PATHS = NO;
				CLANG_ANALYZER_NONNULL = YES;
				CLANG_ANALYZER_NUMBER_OBJECT_CONVERSION = YES_AGGRESSIVE;
				CLANG_CXX_LANGUAGE_STANDARD = "gnu++20";
				CLANG_ENABLE_MODULES = YES;
				CLANG_ENABLE_OBJC_ARC = YES;
				CLANG_ENABLE_OBJC_WEAK = YES;
				CLANG_WARN_BLOCK_CAPTURE_AUTORELEASING = YES;
				CLANG_WARN_BOOL_CONVERSION = YES;
				CLANG_WARN_COMMA = YES;
				CLANG_WARN_CONSTANT_CONVERSION = YES;
				CLANG_WARN_DEPRECATED_OBJC_IMPLEMENTATIONS = YES;
				CLANG_WARN_DIRECT_OBJC_ISA_USAGE = YES_ERROR;
				CLANG_WARN_DOCUMENTATION_COMMENTS = YES;
				CLANG_WARN_EMPTY_BODY = YES;
				CLANG_WARN_ENUM_CONVERSION = YES;
				CLANG_WARN_INFINITE_RECURSION = YES;
				CLANG_WARN_INT_CONVERSION = YES;
				CLANG_WARN_NON_LITERAL_NULL_CONVERSION = YES;
				CLANG_WARN_OBJC_IMPLICIT_RETAIN_SELF = YES;
				CLANG_WARN_OBJC_LITERAL_CONVERSION = YES;
				CLANG_WARN_OBJC_ROOT_CLASS = YES_ERROR;
				CLANG_WARN_QUOTED_INCLUDE_IN_FRAMEWORK_HEADER = YES;
				CLANG_WARN_RANGE_LOOP_ANALYSIS = YES;
				CLANG_WARN_STRICT_PROTOTYPES = YES;
				CLANG_WARN_SUSPICIOUS_MOVE = YES;
				CLANG_WARN_UNGUARDED_AVAILABILITY = YES_AGGRESSIVE;
				CLANG_WARN_UNREACHABLE_CODE = YES;
				CLANG_WARN__DUPLICATE_METHOD_MATCH = YES;
				COPY_PHASE_STRIP = NO;
				DEBUG_INFORMATION_FORMAT = "dwarf-with-dsym";
				ENABLE_NS_ASSERTIONS = NO;
				ENABLE_STRICT_OBJC_MSGSEND = YES;
				GCC_C_LANGUAGE_STANDARD = gnu11;
				GCC_NO_COMMON_BLOCKS = YES;
				GCC_WARN_64_TO_32_BIT_CONVERSION = YES;
				GCC_WARN_ABOUT_RETURN_TYPE = YES_ERROR;
				GCC_WARN_UNDECLARED_SELECTOR = YES;
				GCC_WARN_UNINITIALIZED_AUTOS = YES_AGGRESSIVE;
				GCC_WARN_UNUSED_FUNCTION = YES;
				GCC_WARN_UNUSED_VARIABLE = YES;
				IPHONEOS_DEPLOYMENT_TARGET = 14.0;
				MTL_ENABLE_DEBUG_INFO = NO;
				MTL_FAST_MATH = YES;
				SDKROOT = iphoneos;
				SWIFT_COMPILATION_MODE = wholemodule;
				SWIFT_OPTIMIZATION_LEVEL = "-O";
				VALIDATE_PRODUCT = YES;
			};
			name = Release;
		};
		52337F6C2A73C6B500F4DBD5 /* Debug */ = {
			isa = XCBuildConfiguration;
			baseConfigurationReference = 52337F742A73C70400F4DBD5 /* UAT.xcconfig */;
			buildSettings = {
				ASSETCATALOG_COMPILER_APPICON_NAME = AppIcon;
				ASSETCATALOG_COMPILER_GLOBAL_ACCENT_COLOR_NAME = AccentColor;
				CODE_SIGN_STYLE = Automatic;
				CURRENT_PROJECT_VERSION = 1;
				DEVELOPMENT_ASSET_PATHS = "\"mhpChallenge/Preview Content\"";
				DEVELOPMENT_TEAM = 5L6JF86K4L;
				ENABLE_PREVIEWS = YES;
				GENERATE_INFOPLIST_FILE = YES;
				INFOPLIST_FILE = mhpChallenge/Info.plist;
				INFOPLIST_KEY_UIApplicationSceneManifest_Generation = YES;
				INFOPLIST_KEY_UIApplicationSupportsIndirectInputEvents = YES;
				INFOPLIST_KEY_UILaunchScreen_Generation = YES;
				INFOPLIST_KEY_UISupportedInterfaceOrientations_iPad = "UIInterfaceOrientationPortrait UIInterfaceOrientationPortraitUpsideDown UIInterfaceOrientationLandscapeLeft UIInterfaceOrientationLandscapeRight";
				INFOPLIST_KEY_UISupportedInterfaceOrientations_iPhone = "UIInterfaceOrientationPortrait UIInterfaceOrientationLandscapeLeft UIInterfaceOrientationLandscapeRight";
				IPHONEOS_DEPLOYMENT_TARGET = 14.0;
				LD_RUNPATH_SEARCH_PATHS = (
					"$(inherited)",
					"@executable_path/Frameworks",
				);
				MARKETING_VERSION = 1.0;
				PRODUCT_BUNDLE_IDENTIFIER = app.midhun.mhpChallenge;
				PRODUCT_NAME = "$(TARGET_NAME)";
				SWIFT_EMIT_LOC_STRINGS = YES;
				SWIFT_VERSION = 5.0;
				TARGETED_DEVICE_FAMILY = "1,2";
			};
			name = Debug;
		};
		52337F6D2A73C6B500F4DBD5 /* Release */ = {
			isa = XCBuildConfiguration;
			baseConfigurationReference = 52337F752A73C71600F4DBD5 /* RELEASE.xcconfig */;
			buildSettings = {
				ASSETCATALOG_COMPILER_APPICON_NAME = AppIcon;
				ASSETCATALOG_COMPILER_GLOBAL_ACCENT_COLOR_NAME = AccentColor;
				CODE_SIGN_STYLE = Automatic;
				CURRENT_PROJECT_VERSION = 1;
				DEVELOPMENT_ASSET_PATHS = "\"mhpChallenge/Preview Content\"";
				DEVELOPMENT_TEAM = 5L6JF86K4L;
				ENABLE_PREVIEWS = YES;
				GENERATE_INFOPLIST_FILE = YES;
				INFOPLIST_FILE = mhpChallenge/Info.plist;
				INFOPLIST_KEY_UIApplicationSceneManifest_Generation = YES;
				INFOPLIST_KEY_UIApplicationSupportsIndirectInputEvents = YES;
				INFOPLIST_KEY_UILaunchScreen_Generation = YES;
				INFOPLIST_KEY_UISupportedInterfaceOrientations_iPad = "UIInterfaceOrientationPortrait UIInterfaceOrientationPortraitUpsideDown UIInterfaceOrientationLandscapeLeft UIInterfaceOrientationLandscapeRight";
				INFOPLIST_KEY_UISupportedInterfaceOrientations_iPhone = "UIInterfaceOrientationPortrait UIInterfaceOrientationLandscapeLeft UIInterfaceOrientationLandscapeRight";
				IPHONEOS_DEPLOYMENT_TARGET = 14.0;
				LD_RUNPATH_SEARCH_PATHS = (
					"$(inherited)",
					"@executable_path/Frameworks",
				);
				MARKETING_VERSION = 1.0;
				PRODUCT_BUNDLE_IDENTIFIER = app.midhun.mhpChallenge;
				PRODUCT_NAME = "$(TARGET_NAME)";
				SWIFT_EMIT_LOC_STRINGS = YES;
				SWIFT_VERSION = 5.0;
				TARGETED_DEVICE_FAMILY = "1,2";
			};
			name = Release;
		};
		52337F6F2A73C6B500F4DBD5 /* Debug */ = {
			isa = XCBuildConfiguration;
			baseConfigurationReference = 52337F742A73C70400F4DBD5 /* UAT.xcconfig */;
			buildSettings = {
				ALWAYS_EMBED_SWIFT_STANDARD_LIBRARIES = YES;
				BUNDLE_LOADER = "$(TEST_HOST)";
				CODE_SIGN_STYLE = Automatic;
				CURRENT_PROJECT_VERSION = 1;
				DEVELOPMENT_TEAM = 5L6JF86K4L;
				GENERATE_INFOPLIST_FILE = YES;
				IPHONEOS_DEPLOYMENT_TARGET = 16.4;
				MARKETING_VERSION = 1.0;
				PRODUCT_BUNDLE_IDENTIFIER = app.midhun.mhpChallengeTests;
				PRODUCT_NAME = "$(TARGET_NAME)";
				SWIFT_EMIT_LOC_STRINGS = NO;
				SWIFT_VERSION = 5.0;
				TARGETED_DEVICE_FAMILY = "1,2";
				TEST_HOST = "$(BUILT_PRODUCTS_DIR)/mhpChallenge.app/$(BUNDLE_EXECUTABLE_FOLDER_PATH)/mhpChallenge";
			};
			name = Debug;
		};
		52337F702A73C6B500F4DBD5 /* Release */ = {
			isa = XCBuildConfiguration;
			baseConfigurationReference = 52337F752A73C71600F4DBD5 /* RELEASE.xcconfig */;
			buildSettings = {
				ALWAYS_EMBED_SWIFT_STANDARD_LIBRARIES = YES;
				BUNDLE_LOADER = "$(TEST_HOST)";
				CODE_SIGN_STYLE = Automatic;
				CURRENT_PROJECT_VERSION = 1;
				DEVELOPMENT_TEAM = 5L6JF86K4L;
				GENERATE_INFOPLIST_FILE = YES;
				IPHONEOS_DEPLOYMENT_TARGET = 16.4;
				MARKETING_VERSION = 1.0;
				PRODUCT_BUNDLE_IDENTIFIER = app.midhun.mhpChallengeTests;
				PRODUCT_NAME = "$(TARGET_NAME)";
				SWIFT_EMIT_LOC_STRINGS = NO;
				SWIFT_VERSION = 5.0;
				TARGETED_DEVICE_FAMILY = "1,2";
				TEST_HOST = "$(BUILT_PRODUCTS_DIR)/mhpChallenge.app/$(BUNDLE_EXECUTABLE_FOLDER_PATH)/mhpChallenge";
			};
			name = Release;
		};
		52337F722A73C6B500F4DBD5 /* Debug */ = {
			isa = XCBuildConfiguration;
			baseConfigurationReference = 52337F742A73C70400F4DBD5 /* UAT.xcconfig */;
			buildSettings = {
				ALWAYS_EMBED_SWIFT_STANDARD_LIBRARIES = YES;
				CODE_SIGN_STYLE = Automatic;
				CURRENT_PROJECT_VERSION = 1;
				DEVELOPMENT_TEAM = 5L6JF86K4L;
				GENERATE_INFOPLIST_FILE = YES;
				MARKETING_VERSION = 1.0;
				PRODUCT_BUNDLE_IDENTIFIER = app.midhun.mhpChallengeUITests;
				PRODUCT_NAME = "$(TARGET_NAME)";
				SWIFT_EMIT_LOC_STRINGS = NO;
				SWIFT_VERSION = 5.0;
				TARGETED_DEVICE_FAMILY = "1,2";
				TEST_TARGET_NAME = mhpChallenge;
			};
			name = Debug;
		};
		52337F732A73C6B500F4DBD5 /* Release */ = {
			isa = XCBuildConfiguration;
			baseConfigurationReference = 52337F752A73C71600F4DBD5 /* RELEASE.xcconfig */;
			buildSettings = {
				ALWAYS_EMBED_SWIFT_STANDARD_LIBRARIES = YES;
				CODE_SIGN_STYLE = Automatic;
				CURRENT_PROJECT_VERSION = 1;
				DEVELOPMENT_TEAM = 5L6JF86K4L;
				GENERATE_INFOPLIST_FILE = YES;
				MARKETING_VERSION = 1.0;
				PRODUCT_BUNDLE_IDENTIFIER = app.midhun.mhpChallengeUITests;
				PRODUCT_NAME = "$(TARGET_NAME)";
				SWIFT_EMIT_LOC_STRINGS = NO;
				SWIFT_VERSION = 5.0;
				TARGETED_DEVICE_FAMILY = "1,2";
				TEST_TARGET_NAME = mhpChallenge;
			};
			name = Release;
		};
/* End XCBuildConfiguration section */

/* Begin XCConfigurationList section */
		52337F422A73C6B200F4DBD5 /* Build configuration list for PBXProject "mhpChallenge" */ = {
			isa = XCConfigurationList;
			buildConfigurations = (
				52337F692A73C6B500F4DBD5 /* Debug */,
				52337F6A2A73C6B500F4DBD5 /* Release */,
			);
			defaultConfigurationIsVisible = 0;
			defaultConfigurationName = Release;
		};
		52337F6B2A73C6B500F4DBD5 /* Build configuration list for PBXNativeTarget "mhpChallenge" */ = {
			isa = XCConfigurationList;
			buildConfigurations = (
				52337F6C2A73C6B500F4DBD5 /* Debug */,
				52337F6D2A73C6B500F4DBD5 /* Release */,
			);
			defaultConfigurationIsVisible = 0;
			defaultConfigurationName = Release;
		};
		52337F6E2A73C6B500F4DBD5 /* Build configuration list for PBXNativeTarget "mhpChallengeTests" */ = {
			isa = XCConfigurationList;
			buildConfigurations = (
				52337F6F2A73C6B500F4DBD5 /* Debug */,
				52337F702A73C6B500F4DBD5 /* Release */,
			);
			defaultConfigurationIsVisible = 0;
			defaultConfigurationName = Release;
		};
		52337F712A73C6B500F4DBD5 /* Build configuration list for PBXNativeTarget "mhpChallengeUITests" */ = {
			isa = XCConfigurationList;
			buildConfigurations = (
				52337F722A73C6B500F4DBD5 /* Debug */,
				52337F732A73C6B500F4DBD5 /* Release */,
			);
			defaultConfigurationIsVisible = 0;
			defaultConfigurationName = Release;
		};
/* End XCConfigurationList section */
	};
	rootObject = 52337F3F2A73C6B200F4DBD5 /* Project object */;
}
